// !$*UTF8*$!
{
	archiveVersion = 1;
	classes = {
	};
	objectVersion = 56;
	objects = {

/* Begin PBXBuildFile section */
		215E96022BCA669A00634871 /* AppDelegate.swift in Sources */ = {isa = PBXBuildFile; fileRef = 215E96012BCA669A00634871 /* AppDelegate.swift */; };
		215E96042BCA66B100634871 /* SceneDelegate.swift in Sources */ = {isa = PBXBuildFile; fileRef = 215E96032BCA66B100634871 /* SceneDelegate.swift */; };
		218E2A432BCA1F1800E99A2B /* BODYCamApp.swift in Sources */ = {isa = PBXBuildFile; fileRef = 218E2A422BCA1F1800E99A2B /* BODYCamApp.swift */; };
		218E2A452BCA1F1800E99A2B /* ContentView.swift in Sources */ = {isa = PBXBuildFile; fileRef = 218E2A442BCA1F1800E99A2B /* ContentView.swift */; };
		218E2A472BCA1F1A00E99A2B /* Assets.xcassets in Resources */ = {isa = PBXBuildFile; fileRef = 218E2A462BCA1F1A00E99A2B /* Assets.xcassets */; };
		218E2A4A2BCA1F1A00E99A2B /* Preview Assets.xcassets in Resources */ = {isa = PBXBuildFile; fileRef = 218E2A492BCA1F1A00E99A2B /* Preview Assets.xcassets */; };
/* End PBXBuildFile section */

/* Begin PBXFileReference section */
		215E96002BCA660D00634871 /* Info.plist */ = {isa = PBXFileReference; lastKnownFileType = text.plist; path = Info.plist; sourceTree = "<group>"; };
		215E96012BCA669A00634871 /* AppDelegate.swift */ = {isa = PBXFileReference; lastKnownFileType = sourcecode.swift; path = AppDelegate.swift; sourceTree = "<group>"; };
		215E96032BCA66B100634871 /* SceneDelegate.swift */ = {isa = PBXFileReference; lastKnownFileType = sourcecode.swift; path = SceneDelegate.swift; sourceTree = "<group>"; };
		218E2A3F2BCA1F1800E99A2B /* BODYCam.app */ = {isa = PBXFileReference; explicitFileType = wrapper.application; includeInIndex = 0; path = BODYCam.app; sourceTree = BUILT_PRODUCTS_DIR; };
		218E2A422BCA1F1800E99A2B /* BODYCamApp.swift */ = {isa = PBXFileReference; lastKnownFileType = sourcecode.swift; path = BODYCamApp.swift; sourceTree = "<group>"; };
		218E2A442BCA1F1800E99A2B /* ContentView.swift */ = {isa = PBXFileReference; lastKnownFileType = sourcecode.swift; path = ContentView.swift; sourceTree = "<group>"; };
		218E2A462BCA1F1A00E99A2B /* Assets.xcassets */ = {isa = PBXFileReference; lastKnownFileType = folder.assetcatalog; path = Assets.xcassets; sourceTree = "<group>"; };
		218E2A492BCA1F1A00E99A2B /* Preview Assets.xcassets */ = {isa = PBXFileReference; lastKnownFileType = folder.assetcatalog; path = "Preview Assets.xcassets"; sourceTree = "<group>"; };
/* End PBXFileReference section */

/* Begin PBXFrameworksBuildPhase section */
		218E2A3C2BCA1F1800E99A2B /* Frameworks */ = {
			isa = PBXFrameworksBuildPhase;
			buildActionMask = 2147483647;
			files = (
			);
			runOnlyForDeploymentPostprocessing = 0;
		};
/* End PBXFrameworksBuildPhase section */

/* Begin PBXGroup section */
		218E2A362BCA1F1800E99A2B = {
			isa = PBXGroup;
			children = (
				218E2A412BCA1F1800E99A2B /* BODYCam */,
				218E2A402BCA1F1800E99A2B /* Products */,
			);
			sourceTree = "<group>";
		};
		218E2A402BCA1F1800E99A2B /* Products */ = {
			isa = PBXGroup;
			children = (
				218E2A3F2BCA1F1800E99A2B /* BODYCam.app */,
			);
			name = Products;
			sourceTree = "<group>";
		};
		218E2A412BCA1F1800E99A2B /* BODYCam */ = {
			isa = PBXGroup;
			children = (
				215E96002BCA660D00634871 /* Info.plist */,
				218E2A422BCA1F1800E99A2B /* BODYCamApp.swift */,
				218E2A442BCA1F1800E99A2B /* ContentView.swift */,
				215E96012BCA669A00634871 /* AppDelegate.swift */,
				215E96032BCA66B100634871 /* SceneDelegate.swift */,
				218E2A462BCA1F1A00E99A2B /* Assets.xcassets */,
				218E2A482BCA1F1A00E99A2B /* Preview Content */,
			);
			path = BODYCam;
			sourceTree = "<group>";
		};
		218E2A482BCA1F1A00E99A2B /* Preview Content */ = {
			isa = PBXGroup;
			children = (
				218E2A492BCA1F1A00E99A2B /* Preview Assets.xcassets */,
			);
			path = "Preview Content";
			sourceTree = "<group>";
		};
/* End PBXGroup section */

/* Begin PBXNativeTarget section */
		218E2A3E2BCA1F1800E99A2B /* BODYCam */ = {
			isa = PBXNativeTarget;
			buildConfigurationList = 218E2A4D2BCA1F1A00E99A2B /* Build configuration list for PBXNativeTarget "BODYCam" */;
			buildPhases = (
				218E2A3B2BCA1F1800E99A2B /* Sources */,
				218E2A3C2BCA1F1800E99A2B /* Frameworks */,
				218E2A3D2BCA1F1800E99A2B /* Resources */,
			);
			buildRules = (
			);
			dependencies = (
			);
			name = BODYCam;
			productName = BODYCam;
			productReference = 218E2A3F2BCA1F1800E99A2B /* BODYCam.app */;
			productType = "com.apple.product-type.application";
		};
/* End PBXNativeTarget section */

/* Begin PBXProject section */
		218E2A372BCA1F1800E99A2B /* Project object */ = {
			isa = PBXProject;
			attributes = {
				BuildIndependentTargetsInParallel = 1;
				LastSwiftUpdateCheck = 1520;
				LastUpgradeCheck = 1520;
				TargetAttributes = {
					218E2A3E2BCA1F1800E99A2B = {
						CreatedOnToolsVersion = 15.2;
					};
				};
			};
			buildConfigurationList = 218E2A3A2BCA1F1800E99A2B /* Build configuration list for PBXProject "BODYCam" */;
			compatibilityVersion = "Xcode 14.0";
			developmentRegion = en;
			hasScannedForEncodings = 0;
			knownRegions = (
				en,
				Base,
			);
			mainGroup = 218E2A362BCA1F1800E99A2B;
			productRefGroup = 218E2A402BCA1F1800E99A2B /* Products */;
			projectDirPath = "";
			projectRoot = "";
			targets = (
				218E2A3E2BCA1F1800E99A2B /* BODYCam */,
			);
		};
/* End PBXProject section */

/* Begin PBXResourcesBuildPhase section */
		218E2A3D2BCA1F1800E99A2B /* Resources */ = {
			isa = PBXResourcesBuildPhase;
			buildActionMask = 2147483647;
			files = (
				218E2A4A2BCA1F1A00E99A2B /* Preview Assets.xcassets in Resources */,
				218E2A472BCA1F1A00E99A2B /* Assets.xcassets in Resources */,
			);
			runOnlyForDeploymentPostprocessing = 0;
		};
/* End PBXResourcesBuildPhase section */

/* Begin PBXSourcesBuildPhase section */
		218E2A3B2BCA1F1800E99A2B /* Sources */ = {
			isa = PBXSourcesBuildPhase;
			buildActionMask = 2147483647;
			files = (
				215E96022BCA669A00634871 /* AppDelegate.swift in Sources */,
				218E2A452BCA1F1800E99A2B /* ContentView.swift in Sources */,
				218E2A432BCA1F1800E99A2B /* BODYCamApp.swift in Sources */,
				215E96042BCA66B100634871 /* SceneDelegate.swift in Sources */,
			);
			runOnlyForDeploymentPostprocessing = 0;
		};
/* End PBXSourcesBuildPhase section */

/* Begin XCBuildConfiguration section */
		218E2A4B2BCA1F1A00E99A2B /* Debug */ = {
			isa = XCBuildConfiguration;
			buildSettings = {
				ALWAYS_SEARCH_USER_PATHS = NO;
				ASSETCATALOG_COMPILER_GENERATE_SWIFT_ASSET_SYMBOL_EXTENSIONS = YES;
				CLANG_ANALYZER_NONNULL = YES;
				CLANG_ANALYZER_NUMBER_OBJECT_CONVERSION = YES_AGGRESSIVE;
				CLANG_CXX_LANGUAGE_STANDARD = "gnu++20";
				CLANG_ENABLE_MODULES = YES;
				CLANG_ENABLE_OBJC_ARC = YES;
				CLANG_ENABLE_OBJC_WEAK = YES;
				CLANG_WARN_BLOCK_CAPTURE_AUTORELEASING = YES;
				CLANG_WARN_BOOL_CONVERSION = YES;
				CLANG_WARN_COMMA = YES;
				CLANG_WARN_CONSTANT_CONVERSION = YES;
				CLANG_WARN_DEPRECATED_OBJC_IMPLEMENTATIONS = YES;
				CLANG_WARN_DIRECT_OBJC_ISA_USAGE = YES_ERROR;
				CLANG_WARN_DOCUMENTATION_COMMENTS = YES;
				CLANG_WARN_EMPTY_BODY = YES;
				CLANG_WARN_ENUM_CONVERSION = YES;
				CLANG_WARN_INFINITE_RECURSION = YES;
				CLANG_WARN_INT_CONVERSION = YES;
				CLANG_WARN_NON_LITERAL_NULL_CONVERSION = YES;
				CLANG_WARN_OBJC_IMPLICIT_RETAIN_SELF = YES;
				CLANG_WARN_OBJC_LITERAL_CONVERSION = YES;
				CLANG_WARN_OBJC_ROOT_CLASS = YES_ERROR;
				CLANG_WARN_QUOTED_INCLUDE_IN_FRAMEWORK_HEADER = YES;
				CLANG_WARN_RANGE_LOOP_ANALYSIS = YES;
				CLANG_WARN_STRICT_PROTOTYPES = YES;
				CLANG_WARN_SUSPICIOUS_MOVE = YES;
				CLANG_WARN_UNGUARDED_AVAILABILITY = YES_AGGRESSIVE;
				CLANG_WARN_UNREACHABLE_CODE = YES;
				CLANG_WARN__DUPLICATE_METHOD_MATCH = YES;
				COPY_PHASE_STRIP = NO;
				DEBUG_INFORMATION_FORMAT = dwarf;
				ENABLE_STRICT_OBJC_MSGSEND = YES;
				ENABLE_TESTABILITY = YES;
				ENABLE_USER_SCRIPT_SANDBOXING = YES;
				GCC_C_LANGUAGE_STANDARD = gnu17;
				GCC_DYNAMIC_NO_PIC = NO;
				GCC_NO_COMMON_BLOCKS = YES;
				GCC_OPTIMIZATION_LEVEL = 0;
				GCC_PREPROCESSOR_DEFINITIONS = (
					"DEBUG=1",
					"$(inherited)",
				);
				GCC_WARN_64_TO_32_BIT_CONVERSION = YES;
				GCC_WARN_ABOUT_RETURN_TYPE = YES_ERROR;
				GCC_WARN_UNDECLARED_SELECTOR = YES;
				GCC_WARN_UNINITIALIZED_AUTOS = YES_AGGRESSIVE;
				GCC_WARN_UNUSED_FUNCTION = YES;
				GCC_WARN_UNUSED_VARIABLE = YES;
				IPHONEOS_DEPLOYMENT_TARGET = 17.2;
				LOCALIZATION_PREFERS_STRING_CATALOGS = YES;
				MTL_ENABLE_DEBUG_INFO = INCLUDE_SOURCE;
				MTL_FAST_MATH = YES;
				ONLY_ACTIVE_ARCH = YES;
				SDKROOT = iphoneos;
				SWIFT_ACTIVE_COMPILATION_CONDITIONS = "DEBUG $(inherited)";
				SWIFT_OPTIMIZATION_LEVEL = "-Onone";
			};
			name = Debug;
		};
		218E2A4C2BCA1F1A00E99A2B /* Release */ = {
			isa = XCBuildConfiguration;
			buildSettings = {
				ALWAYS_SEARCH_USER_PATHS = NO;
				ASSETCATALOG_COMPILER_GENERATE_SWIFT_ASSET_SYMBOL_EXTENSIONS = YES;
				CLANG_ANALYZER_NONNULL = YES;
				CLANG_ANALYZER_NUMBER_OBJECT_CONVERSION = YES_AGGRESSIVE;
				CLANG_CXX_LANGUAGE_STANDARD = "gnu++20";
				CLANG_ENABLE_MODULES = YES;
				CLANG_ENABLE_OBJC_ARC = YES;
				CLANG_ENABLE_OBJC_WEAK = YES;
				CLANG_WARN_BLOCK_CAPTURE_AUTORELEASING = YES;
				CLANG_WARN_BOOL_CONVERSION = YES;
				CLANG_WARN_COMMA = YES;
				CLANG_WARN_CONSTANT_CONVERSION = YES;
				CLANG_WARN_DEPRECATED_OBJC_IMPLEMENTATIONS = YES;
				CLANG_WARN_DIRECT_OBJC_ISA_USAGE = YES_ERROR;
				CLANG_WARN_DOCUMENTATION_COMMENTS = YES;
				CLANG_WARN_EMPTY_BODY = YES;
				CLANG_WARN_ENUM_CONVERSION = YES;
				CLANG_WARN_INFINITE_RECURSION = YES;
				CLANG_WARN_INT_CONVERSION = YES;
				CLANG_WARN_NON_LITERAL_NULL_CONVERSION = YES;
				CLANG_WARN_OBJC_IMPLICIT_RETAIN_SELF = YES;
				CLANG_WARN_OBJC_LITERAL_CONVERSION = YES;
				CLANG_WARN_OBJC_ROOT_CLASS = YES_ERROR;
				CLANG_WARN_QUOTED_INCLUDE_IN_FRAMEWORK_HEADER = YES;
				CLANG_WARN_RANGE_LOOP_ANALYSIS = YES;
				CLANG_WARN_STRICT_PROTOTYPES = YES;
				CLANG_WARN_SUSPICIOUS_MOVE = YES;
				CLANG_WARN_UNGUARDED_AVAILABILITY = YES_AGGRESSIVE;
				CLANG_WARN_UNREACHABLE_CODE = YES;
				CLANG_WARN__DUPLICATE_METHOD_MATCH = YES;
				COPY_PHASE_STRIP = NO;
				DEBUG_INFORMATION_FORMAT = "dwarf-with-dsym";
				ENABLE_NS_ASSERTIONS = NO;
				ENABLE_STRICT_OBJC_MSGSEND = YES;
				ENABLE_USER_SCRIPT_SANDBOXING = YES;
				GCC_C_LANGUAGE_STANDARD = gnu17;
				GCC_NO_COMMON_BLOCKS = YES;
				GCC_WARN_64_TO_32_BIT_CONVERSION = YES;
				GCC_WARN_ABOUT_RETURN_TYPE = YES_ERROR;
				GCC_WARN_UNDECLARED_SELECTOR = YES;
				GCC_WARN_UNINITIALIZED_AUTOS = YES_AGGRESSIVE;
				GCC_WARN_UNUSED_FUNCTION = YES;
				GCC_WARN_UNUSED_VARIABLE = YES;
				IPHONEOS_DEPLOYMENT_TARGET = 17.2;
				LOCALIZATION_PREFERS_STRING_CATALOGS = YES;
				MTL_ENABLE_DEBUG_INFO = NO;
				MTL_FAST_MATH = YES;
				SDKROOT = iphoneos;
				SWIFT_COMPILATION_MODE = wholemodule;
				VALIDATE_PRODUCT = YES;
			};
			name = Release;
		};
		218E2A4E2BCA1F1A00E99A2B /* Debug */ = {
			isa = XCBuildConfiguration;
			buildSettings = {
				ASSETCATALOG_COMPILER_APPICON_NAME = AppIcon;
				ASSETCATALOG_COMPILER_GLOBAL_ACCENT_COLOR_NAME = AccentColor;
				CODE_SIGN_STYLE = Automatic;
				CURRENT_PROJECT_VERSION = 3.3;
				DEVELOPMENT_ASSET_PATHS = "\"BODYCam/Preview Content\"";
				DEVELOPMENT_TEAM = L295MT4VTH;
				ENABLE_PREVIEWS = YES;
				GENERATE_INFOPLIST_FILE = YES;
				INFOPLIST_FILE = BODYCam/Info.plist;
				INFOPLIST_KEY_NSCameraUsageDescription = "BODYCam requires access to your camera. This allows you to capture moments and create videos within the app. we do not collect data.";
				INFOPLIST_KEY_NSMicrophoneUsageDescription = " BODYCam requires access to your microphone. This enables you to add voiceovers and audio recordings to your videos. We do not collect data.";
				INFOPLIST_KEY_UIApplicationSceneManifest_Generation = YES;
				INFOPLIST_KEY_UIApplicationSupportsIndirectInputEvents = YES;
				INFOPLIST_KEY_UILaunchScreen_Generation = YES;
				INFOPLIST_KEY_UISupportedInterfaceOrientations_iPad = "UIInterfaceOrientationPortrait UIInterfaceOrientationPortraitUpsideDown UIInterfaceOrientationLandscapeLeft UIInterfaceOrientationLandscapeRight";
				INFOPLIST_KEY_UISupportedInterfaceOrientations_iPhone = "UIInterfaceOrientationPortrait UIInterfaceOrientationLandscapeLeft UIInterfaceOrientationLandscapeRight";
				IPHONEOS_DEPLOYMENT_TARGET = 14.0;
				LD_RUNPATH_SEARCH_PATHS = (
					"$(inherited)",
					"@executable_path/Frameworks",
				);
				MARKETING_VERSION = 33.3;
				PRODUCT_BUNDLE_IDENTIFIER = PieterNatanael.BODYCam;
				PRODUCT_NAME = "$(TARGET_NAME)";
				SWIFT_EMIT_LOC_STRINGS = YES;
				SWIFT_VERSION = 5.0;
				TARGETED_DEVICE_FAMILY = "1,2";
			};
			name = Debug;
		};
		218E2A4F2BCA1F1A00E99A2B /* Release */ = {
			isa = XCBuildConfiguration;
			buildSettings = {
				ASSETCATALOG_COMPILER_APPICON_NAME = AppIcon;
				ASSETCATALOG_COMPILER_GLOBAL_ACCENT_COLOR_NAME = AccentColor;
				CODE_SIGN_STYLE = Automatic;
				CURRENT_PROJECT_VERSION = 3.3;
				DEVELOPMENT_ASSET_PATHS = "\"BODYCam/Preview Content\"";
				DEVELOPMENT_TEAM = L295MT4VTH;
				ENABLE_PREVIEWS = YES;
				GENERATE_INFOPLIST_FILE = YES;
				INFOPLIST_FILE = BODYCam/Info.plist;
				INFOPLIST_KEY_NSCameraUsageDescription = "BODYCam requires access to your camera. This allows you to capture moments and create videos within the app. we do not collect data.";
				INFOPLIST_KEY_NSMicrophoneUsageDescription = " BODYCam requires access to your microphone. This enables you to add voiceovers and audio recordings to your videos. We do not collect data.";
				INFOPLIST_KEY_UIApplicationSceneManifest_Generation = YES;
				INFOPLIST_KEY_UIApplicationSupportsIndirectInputEvents = YES;
				INFOPLIST_KEY_UILaunchScreen_Generation = YES;
				INFOPLIST_KEY_UISupportedInterfaceOrientations_iPad = "UIInterfaceOrientationPortrait UIInterfaceOrientationPortraitUpsideDown UIInterfaceOrientationLandscapeLeft UIInterfaceOrientationLandscapeRight";
				INFOPLIST_KEY_UISupportedInterfaceOrientations_iPhone = "UIInterfaceOrientationPortrait UIInterfaceOrientationLandscapeLeft UIInterfaceOrientationLandscapeRight";
				IPHONEOS_DEPLOYMENT_TARGET = 14.0;
				LD_RUNPATH_SEARCH_PATHS = (
					"$(inherited)",
					"@executable_path/Frameworks",
				);
				MARKETING_VERSION = 33.3;
				PRODUCT_BUNDLE_IDENTIFIER = PieterNatanael.BODYCam;
				PRODUCT_NAME = "$(TARGET_NAME)";
				SWIFT_EMIT_LOC_STRINGS = YES;
				SWIFT_VERSION = 5.0;
				TARGETED_DEVICE_FAMILY = "1,2";
			};
			name = Release;
		};
/* End XCBuildConfiguration section */

/* Begin XCConfigurationList section */
		218E2A3A2BCA1F1800E99A2B /* Build configuration list for PBXProject "BODYCam" */ = {
			isa = XCConfigurationList;
			buildConfigurations = (
				218E2A4B2BCA1F1A00E99A2B /* Debug */,
				218E2A4C2BCA1F1A00E99A2B /* Release */,
			);
			defaultConfigurationIsVisible = 0;
			defaultConfigurationName = Release;
		};
		218E2A4D2BCA1F1A00E99A2B /* Build configuration list for PBXNativeTarget "BODYCam" */ = {
			isa = XCConfigurationList;
			buildConfigurations = (
				218E2A4E2BCA1F1A00E99A2B /* Debug */,
				218E2A4F2BCA1F1A00E99A2B /* Release */,
			);
			defaultConfigurationIsVisible = 0;
			defaultConfigurationName = Release;
		};
/* End XCConfigurationList section */
	};
	rootObject = 218E2A372BCA1F1800E99A2B /* Project object */;
}
